schema: '2.0'
stages:
  tiler:
    cmd: C:\Python37\python.exe ..\..\tools\Tiler\tiler.py
    deps:
    - path: ..\..\tools\Tiler\tiler.py
      md5: bf45eeb791e49a20914d96c465ffc33a
      size: 4327
    - path: ..\raw\environment
      md5: 5f5f16344c5528b66b51430b0ad8a53f.dir
      size: 112009
      nfiles: 2
    - path: ..\raw\inventory
      md5: efdd5481cdb2fdd51a62832a08ce5ae9.dir
      size: 97417
      nfiles: 5
    outs:
    - path: ..\..\logs\tiler_log.txt
      md5: f282d67922c358749ebb611f57f90b5f
      size: 289
  recliner2gcbm_x64:
    cmd: tools\Recliner2GCBM-x64\Recliner2GCBM.exe -c input_database\recliner2gcbm_config.json
      >> logs\recliner_log.txt
    deps:
    - path: input_database\ArchiveIndex_Beta_Install.mdb
      md5: 9b2d736fff420a077e08f9ff00802af6
      size: 3817472
    - path: input_database\Growth_Curves.csv
      md5: 865daf88474e6cb9f04524ea673eb539
      size: 19415
    - path: input_database\gcbm_input.db
      md5: 1b814815bf13da736ac194b7adae4545
      size: 1536000
    - path: input_database\recliner2gcbm_config.json
      md5: 61351afc14f468a344c475705e6578ff
      size: 6251
    - path: logs\tiler_log.txt
      md5: f282d67922c358749ebb611f57f90b5f
      size: 289
    - path: tools\recliner2gcbm-x64\recliner2gcbm.exe
      md5: a45c702ad1c9aff92edc6493cff99450
      size: 6656
    outs:
    - path: logs\recliner_log.txt
      md5: 575f44e3235e469da7e2ff1671b932b3
      size: 1425
  update_gcbm_configuration:
    cmd: update_gcbm_configuration.bat
    deps:
    - path: ..\input_database\gcbm_input.db
      md5: 1b814815bf13da736ac194b7adae4545
      size: 1536000
    - path: ..\layers\tiled
      md5: d4797d7b5b7c940a60572e33b8481549.dir
      size: 73166
      nfiles: 8
    - path: ..\logs\recliner_log.txt
      md5: 575f44e3235e469da7e2ff1671b932b3
      size: 1425
    - path: ..\tools\tiler\update_gcbm_config.py
      md5: 3e04cbc0ee3588cc13f711750b8cda1e
      size: 18002
    - path: templates
      md5: d872ca059781e4cb4a77e9c0e17915c3.dir
      size: 60895
      nfiles: 8
    - path: update_gcbm_configuration.bat
      md5: 357408ed6c55d8b0cf29a6fa4eb5c28c
      size: 1023
    outs:
    - path: ..\logs\update_gcbm_config.log
      md5: e38f055d2ca914502c9aec2beb8bd9d4
      size: 614
